{
  "version": "3",
  "remote": {
    "https://deno.land/std@0.150.0/media_types/_util.ts": "ce9b4fc4ba1c447dafab619055e20fd88236ca6bdd7834a21f98bd193c3fbfa1",
    "https://deno.land/std@0.150.0/media_types/mod.ts": "2d4b6f32a087029272dc59e0a55ae3cc4d1b27b794ccf528e94b1925795b3118",
    "https://deno.land/std@0.150.0/media_types/vendor/mime-db.v1.52.0.ts": "724cee25fa40f1a52d3937d6b4fbbfdd7791ff55e1b7ac08d9319d5632c7f5af",
    "https://deno.land/std@0.210.0/dotenv/mod.ts": "55d51d0c244da70e10ccbbdb68644064ce19c8af1683289d16ac802ceef64c8c",
    "https://deno.land/std@0.210.0/dotenv/parse.ts": "d76ff5a59bd7c374a40249dc28bd15c740da0428559c838b1ea5644f561bff20",
    "https://deno.land/std@0.210.0/dotenv/stringify.ts": "df8c503a9d46c567f1daa6554211dcfbe05179f9b3ca3d9adc9d92a14987442e",
    "https://deno.land/x/xhr@0.3.0/mod.ts": "094aacd627fd9635cd942053bf8032b5223b909858fa9dc8ffa583752ff63b20",
    "https://esm.sh/@supabase/supabase-js@2.24.0": "e9be2019359e70d86c7cd1355d50173283e1339eb5d49bec86702374f1927d55",
    "https://esm.sh/v135/@supabase/functions-js@2.1.5/denonext/functions-js.mjs": "739affd2df20c1affd91991c3731c2537d270b82be5cdbd926c43be40eb2fdc5",
    "https://esm.sh/v135/@supabase/gotrue-js@2.57.0/denonext/gotrue-js.mjs": "a4e6768643628fc5445683f4f58090ea5b65c51c3abb165dc0a385cf8eae2121",
    "https://esm.sh/v135/@supabase/node-fetch@2.6.14/denonext/node-fetch.mjs": "23a71af3512da67a8757ab1e2356fa22565758444ea1fc08e0de0e8d4625e8aa",
    "https://esm.sh/v135/@supabase/postgrest-js@1.9.0/denonext/postgrest-js.mjs": "e6239e65dca3c73527af617ee406934dc509a33e4082a9da9c3aa6c430519cdf",
    "https://esm.sh/v135/@supabase/realtime-js@2.8.4/denonext/realtime-js.mjs": "9f8af6f82b095b1b1d336a92c4ff8519a5b7f783a1e09eab005114b983cafd5d",
    "https://esm.sh/v135/@supabase/storage-js@2.5.4/denonext/storage-js.mjs": "dff68679fb795ec7e157b8f51cb0b8c544d6c3d57ecc093f5b15eb909439efcd",
    "https://esm.sh/v135/@supabase/supabase-js@2.24.0/denonext/supabase-js.mjs": "5bb18c3203bace925923902b94005d3550a730ecd018ed3bfe9f372ddc896e96",
    "https://esm.sh/v135/cross-fetch@3.1.8/denonext/cross-fetch.mjs": "8fba9e7c3fbaf0d2168beb63ce0cd21b5bfbfbd77e2fcbf8d957d533a71222f6",
    "https://esm.sh/v135/es5-ext@0.10.62/denonext/global.js": "2f51d9acef1f761faaa542da919b3c747744ea29fe709d0a904fd531716a93d6",
    "https://esm.sh/v135/websocket@1.0.34/denonext/websocket.mjs": "dfe5d62007e9f7430d561e2376fe47caa9d04cb016d83d3386fcc2206a90296b"
  }
}
